<?xml version="1.0" encoding="utf-8"?>
<Project ToolsVersion="4.0" xmlns="http://schemas.microsoft.com/developer/msbuild/2003">
  <ItemGroup>
    <Filter Include="源文件">
      <UniqueIdentifier>{4FC737F1-C7A5-4376-A066-2A32D752A2FF}</UniqueIdentifier>
      <Extensions>cpp;c;cc;cxx;c++;cppm;ixx;def;odl;idl;hpj;bat;asm;asmx</Extensions>
    </Filter>
    <Filter Include="头文件">
      <UniqueIdentifier>{93995380-89BD-4b04-88EB-625FBE52EBFB}</UniqueIdentifier>
      <Extensions>h;hh;hpp;hxx;h++;hm;inl;inc;ipp;xsd</Extensions>
    </Filter>
    <Filter Include="资源文件">
      <UniqueIdentifier>{67DA6AB6-F800-4c08-8B7A-83BB121AAD01}</UniqueIdentifier>
      <Extensions>rc;ico;cur;bmp;dlg;rc2;rct;bin;rgs;gif;jpg;jpeg;jpe;resx;tiff;tif;png;wav;mfcribbon-ms</Extensions>
    </Filter>
    <Filter Include="资源文件\freddy">
      <UniqueIdentifier>{a6f1aeea-f7cf-4a26-b5b7-3b118668cefc}</UniqueIdentifier>
    </Filter>
    <Filter Include="源文件\object">
      <UniqueIdentifier>{42378192-001d-4b29-bc58-21dd4f5708f6}</UniqueIdentifier>
    </Filter>
    <Filter Include="源文件\lib">
      <UniqueIdentifier>{9248e851-261a-4203-b7ae-4ff3f2ded190}</UniqueIdentifier>
    </Filter>
    <Filter Include="源文件\shader">
      <UniqueIdentifier>{879301d1-f912-46eb-a813-b286fefe8dbf}</UniqueIdentifier>
    </Filter>
    <Filter Include="源文件\garbage">
      <UniqueIdentifier>{4fea8079-30f9-4aee-acdb-9f2e9e694142}</UniqueIdentifier>
    </Filter>
  </ItemGroup>
  <ItemGroup>
    <ClCompile Include="game.cpp">
      <Filter>源文件</Filter>
    </ClCompile>
    <ClCompile Include="loader.cpp">
      <Filter>源文件\object</Filter>
    </ClCompile>
    <ClCompile Include="render.cpp">
      <Filter>源文件\object</Filter>
    </ClCompile>
    <ClCompile Include="..\..\..\source\glad\src\glad.c">
      <Filter>源文件\lib</Filter>
    </ClCompile>
    <ClCompile Include="AnimState.h">
      <Filter>头文件</Filter>
    </ClCompile>
    <ClCompile Include="object.cpp">
      <Filter>源文件\object</Filter>
    </ClCompile>
  </ItemGroup>
  <ItemGroup>
    <ClInclude Include="stb_image.h">
      <Filter>源文件\lib</Filter>
    </ClInclude>
    <ClInclude Include="Shader.h">
      <Filter>头文件</Filter>
    </ClInclude>
    <ClInclude Include="Renderer.h">
      <Filter>头文件</Filter>
    </ClInclude>
    <ClInclude Include="Anim.h">
      <Filter>头文件</Filter>
    </ClInclude>
    <ClInclude Include="AnimGroup.h">
      <Filter>头文件</Filter>
    </ClInclude>
    <ClInclude Include="Camera.h">
      <Filter>头文件</Filter>
    </ClInclude>
  </ItemGroup>
  <ItemGroup>
    <None Include="freddy.f">
      <Filter>资源文件\freddy</Filter>
    </None>
    <None Include="image.f">
      <Filter>源文件\shader</Filter>
    </None>
    <None Include="image.v">
      <Filter>源文件\shader</Filter>
    </None>
    <None Include="group.f">
      <Filter>源文件\shader</Filter>
    </None>
    <None Include="group.v">
      <Filter>源文件\shader</Filter>
    </None>
    <None Include="renderGroupMode.1" />
  </ItemGroup>
</Project>